
Microsoft Visual Studio Solution File, Format Version 12.00
# Visual Studio Version 16
VisualStudioVersion = 16.0.29009.5
MinimumVisualStudioVersion = 10.0.40219.1
Project("{FAE04EC0-301F-11D3-BF4B-00C04F79EFBC}") = "FlowersWebApi", "FlowersWebApi\FlowersWebApi.csproj", "{F7F83D56-3713-4F23-8BCE-2748C9873CAA}"
EndProject
Global
	GlobalSection(SolutionConfigurationPlatforms) = preSolution
		Debug|Any CPU = Debug|Any CPU
		Release|Any CPU = Release|Any CPU
	EndGlobalSection
	GlobalSection(ProjectConfigurationPlatforms) = postSolution
		{F7F83D56-3713-4F23-8BCE-2748C9873CAA}.Debug|Any CPU.ActiveCfg = Debug|Any CPU
		{F7F83D56-3713-4F23-8BCE-2748C9873CAA}.Debug|Any CPU.Build.0 = Debug|Any CPU
		{F7F83D56-3713-4F23-8BCE-2748C9873CAA}.Release|Any CPU.ActiveCfg = Release|Any CPU
		{F7F83D56-3713-4F23-8BCE-2748C9873CAA}.Release|Any CPU.Build.0 = Release|Any CPU
	EndGlobalSection
	GlobalSection(SolutionProperties) = preSolution
		HideSolutionNode = FALSE
	EndGlobalSection
	GlobalSection(ExtensibilityGlobals) = postSolution
		SolutionGuid = {A0196159-1A7B-4069-AFDA-C5CB4FEF9044}
	EndGlobalSection
EndGlobal
